{
  "nodes": {
    "home-manager": {
      "inputs": {
        "nixpkgs": [
          "nixpkgs"
        ]
      },
      "locked": {
        "lastModified": 1789150619,
        "narHash": "sha256-Vsgv5atXkGWOOdLOL8oQLnZSGt1h140synPfFdwbyjU=",
        "owner": "nix-community",
        "repo": "home-manager",
        "rev": "e4345d5ae8aa1def34378d2a60ac5e6e4c8fd7c1",
        "type": "github"
      },
      "original": {
        "owner": "nix-community",
        "repo": "home-manager",
        "type": "github"
      }
    },
    "nixos-hardware": {
      "inputs": {
        "nixpkgs": "nixpkgs"
      },
      "locked": {
        "lastModified": 1789164639,
        "narHash": "sha256-8ZPCpdqohgrOuV7PpYM7FaaK5QH+qZveDt6k3+sE8+k=",
        "owner": "NixOS",
        "repo": "nixos-hardware",
        "rev": "9e57f21b40610c74acd6d89fa5554651d29a20f0",
        "type": "github"
      },
      "original": {
        "owner": "NixOS",
        "repo": "nixos-hardware",
        "type": "github"
      }
    },
    "nixpkgs": {
      "locked": {
        "lastModified": 1767892417,
        "narHash": "sha256-8bW3q88CEg2u4hSP66Vf4lpbLonHz7hqDNBMcCY7E9U=",
        "rev": "3497aa5c9457a9d88d71fa93a4a8368816fbeeba",
        "type": "tarball",
        "url": "https://releases.nixos.org/nixos/unstable/nixos-26.05pre924538.3497aa5c9457/nixexprs.tar.xz"
      },
      "original": {
        "type": "tarball",
        "url": "https://channels.nixos.org/nixos-unstable/nixexprs.tar.xz"
      }
    },
    "nixpkgs_2": {
      "locked": {
        "lastModified": 1789170704,
        "narHash": "sha256-R2pcQaiYhX7kYcHdmLyLnab8xWA7IrsT0EKfVP+wWkI=",
        "owner": "nixos",
        "repo": "nixpkgs",
        "rev": "a231be5bde6ad140311a43c58ff232524728ebd0",
        "type": "github"
      },
      "original": {
        "owner": "nixos",
        "ref": "nixos-unstable",
        "repo": "nixpkgs",
        "type": "github"
      }
    },
    "root": {
      "inputs": {
        "home-manager": "home-manager",
        "nixos-hardware": "nixos-hardware",
        "nixpkgs": "nixpkgs_2"
      }
    }
  },
  "root": "root",
  "version": 7
}
