{
  "nodes": {
    "home-manager": {
      "inputs": {
        "nixpkgs": [
          "nixpkgs"
        ]
      },
      "locked": {
        "lastModified": 1788306281,
        "narHash": "sha256-fzkZin1xxYFD5OveNVZudWErqNtr1Pjfdkc9qd8ROCc=",
        "owner": "nix-community",
        "repo": "home-manager",
        "rev": "ead131eb1ec3088a11a23638b99f89c50422fbd3",
        "type": "github"
      },
      "original": {
        "owner": "nix-community",
        "repo": "home-manager",
        "type": "github"
      }
    },
    "nixpkgs": {
      "locked": {
        "lastModified": 1788307091,
        "narHash": "sha256-PNv3lAcp/J4d7V8AndrfDzB03YfbWAwC9yv4TUk7EFI=",
        "owner": "nixos",
        "repo": "nixpkgs",
        "rev": "d022bd12f7afdcaf51cc9da618779778902fdc6f",
        "type": "github"
      },
      "original": {
        "owner": "nixos",
        "ref": "nixos-unstable",
        "repo": "nixpkgs",
        "type": "github"
      }
    },
    "root": {
      "inputs": {
        "home-manager": "home-manager",
        "nixpkgs": "nixpkgs"
      }
    }
  },
  "root": "root",
  "version": 7
}
