{
  "nodes": {
    "nixpkgs": {
      "locked": {
        "lastModified": 1790378376,
        "narHash": "sha256-pTfAyxq8916OZDMlXUqH9q7o41nGXaedCjsNy/EYjNI=",
        "owner": "nixos",
        "repo": "nixpkgs",
        "rev": "4775b2ca8bed8ec8f07a06a815e9c9ab94b64403",
        "type": "github"
      },
      "original": {
        "owner": "nixos",
        "ref": "nixos-unstable",
        "repo": "nixpkgs",
        "type": "github"
      }
    },
    "root": {
      "inputs": {
        "nixpkgs": "nixpkgs",
        "sops-nix": "sops-nix"
      }
    },
    "sops-nix": {
      "inputs": {
        "nixpkgs": [
          "nixpkgs"
        ]
      },
      "locked": {
        "lastModified": 1790247521,
        "narHash": "sha256-TNfgoHsqsYYvaJImlWctfRkh4PseTagzegU1Dgdbehw=",
        "owner": "Mic92",
        "repo": "sops-nix",
        "rev": "2bd00bd9bb35fe6d114888c8f1c2e946c541dd8f",
        "type": "github"
      },
      "original": {
        "owner": "Mic92",
        "repo": "sops-nix",
        "type": "github"
      }
    }
  },
  "root": "root",
  "version": 7
}
