{
  "nodes": {
    "home-manager": {
      "inputs": {
        "nixpkgs": [
          "nixpkgs"
        ]
      },
      "locked": {
        "lastModified": 1790802803,
        "narHash": "sha256-pna6bbbXEqnAWb3GuioIEKu+yFxSVFR0UX+2QjxI6eg=",
        "owner": "nix-community",
        "repo": "home-manager",
        "rev": "e4122ec2a3cf7fede335e5c9975639d1e84dc04d",
        "type": "github"
      },
      "original": {
        "owner": "nix-community",
        "repo": "home-manager",
        "type": "github"
      }
    },
    "nixpkgs": {
      "locked": {
        "lastModified": 1790810007,
        "narHash": "sha256-v5XTKV4Xwky4i+j7C6QeMXKjd+oI08rvM/yse09t2EI=",
        "owner": "nixos",
        "repo": "nixpkgs",
        "rev": "f2e16882cd75b5180bf14f77740fcb8643b35c10",
        "type": "github"
      },
      "original": {
        "owner": "nixos",
        "ref": "nixos-unstable",
        "repo": "nixpkgs",
        "type": "github"
      }
    },
    "root": {
      "inputs": {
        "home-manager": "home-manager",
        "nixpkgs": "nixpkgs"
      }
    }
  },
  "root": "root",
  "version": 7
}
