{
  "nodes": {
    "home-manager": {
      "inputs": {
        "nixpkgs": [
          "nixpkgs"
        ]
      },
      "locked": {
        "lastModified": 1790199334,
        "narHash": "sha256-EAIvpJtPEqxRO8eXLSj/6AqHMDTxxpd+l2PZVG/Pswk=",
        "owner": "nix-community",
        "repo": "home-manager",
        "rev": "aa09c3b459bf536af336393a175f8416adb49fb0",
        "type": "github"
      },
      "original": {
        "owner": "nix-community",
        "repo": "home-manager",
        "type": "github"
      }
    },
    "nixpkgs": {
      "locked": {
        "lastModified": 1790206175,
        "narHash": "sha256-muoGM3JPg5t1L/ahM5PVTqPE9YnXjQRyM3m7gkilHE0=",
        "owner": "nixos",
        "repo": "nixpkgs",
        "rev": "f992359594466a7a9ce965b81eb593c602b6f8eb",
        "type": "github"
      },
      "original": {
        "owner": "nixos",
        "ref": "nixos-unstable",
        "repo": "nixpkgs",
        "type": "github"
      }
    },
    "root": {
      "inputs": {
        "home-manager": "home-manager",
        "nixpkgs": "nixpkgs"
      }
    }
  },
  "root": "root",
  "version": 7
}
